// !$*UTF8*$!
{
	archiveVersion = 1;
	classes = {
	};
	objectVersion = 50;
	objects = {

/* Begin PBXBuildFile section */
		5E7CE677091B61100492A725 /* Pods_WereDomain2.framework in Frameworks */ = {isa = PBXBuildFile; fileRef = 592CCD068B87E54D472A6CD2 /* Pods_WereDomain2.framework */; };
		DF31DA99220668B900CFEE87 /* FeedTableViewCell.swift in Sources */ = {isa = PBXBuildFile; fileRef = DF31DA98220668B900CFEE87 /* FeedTableViewCell.swift */; };
		DF31DA9B22066C0F00CFEE87 /* FeedTableViewController.swift in Sources */ = {isa = PBXBuildFile; fileRef = DF31DA9A22066C0F00CFEE87 /* FeedTableViewController.swift */; };
		DF7D0E7F22618B1C00A44248 /* DetailTableViewCell.swift in Sources */ = {isa = PBXBuildFile; fileRef = DF7D0E7E22618B1C00A44248 /* DetailTableViewCell.swift */; };
		DF85BDD821F92D1000EF50C0 /* DetailViewController.swift in Sources */ = {isa = PBXBuildFile; fileRef = DF85BDD721F92D1000EF50C0 /* DetailViewController.swift */; };
		DFCB00B721F91B530068EDF9 /* AppDelegate.swift in Sources */ = {isa = PBXBuildFile; fileRef = DFCB00B621F91B530068EDF9 /* AppDelegate.swift */; };
		DFCB00BC21F91B530068EDF9 /* Main.storyboard in Resources */ = {isa = PBXBuildFile; fileRef = DFCB00BA21F91B530068EDF9 /* Main.storyboard */; };
		DFCB00BF21F91B530068EDF9 /* WereDomain2.xcdatamodeld in Sources */ = {isa = PBXBuildFile; fileRef = DFCB00BD21F91B530068EDF9 /* WereDomain2.xcdatamodeld */; };
		DFCB00C121F91B540068EDF9 /* Assets.xcassets in Resources */ = {isa = PBXBuildFile; fileRef = DFCB00C021F91B540068EDF9 /* Assets.xcassets */; };
		DFCB00C421F91B540068EDF9 /* LaunchScreen.storyboard in Resources */ = {isa = PBXBuildFile; fileRef = DFCB00C221F91B540068EDF9 /* LaunchScreen.storyboard */; };
		DFCB00CF21F91B540068EDF9 /* WereDomain2Tests.swift in Sources */ = {isa = PBXBuildFile; fileRef = DFCB00CE21F91B540068EDF9 /* WereDomain2Tests.swift */; };
		DFCB00DA21F91B540068EDF9 /* WereDomain2UITests.swift in Sources */ = {isa = PBXBuildFile; fileRef = DFCB00D921F91B540068EDF9 /* WereDomain2UITests.swift */; };
		DFD2B71622011908001AE870 /* ProfileViewController.swift in Sources */ = {isa = PBXBuildFile; fileRef = DFD2B71522011908001AE870 /* ProfileViewController.swift */; };
		DFD2B71822024C58001AE870 /* DashboardViewController.swift in Sources */ = {isa = PBXBuildFile; fileRef = DFD2B71722024C58001AE870 /* DashboardViewController.swift */; };
		DFE84BBB222F3A5E0091B553 /* DailySpecialViewController.swift in Sources */ = {isa = PBXBuildFile; fileRef = DFE84BB6222F39370091B553 /* DailySpecialViewController.swift */; };
		DFEA05E72200CAE60015657F /* LoginViewController.swift in Sources */ = {isa = PBXBuildFile; fileRef = DFEA05E62200CAE60015657F /* LoginViewController.swift */; };
/* End PBXBuildFile section */

/* Begin PBXContainerItemProxy section */
		DFCB00CB21F91B540068EDF9 /* PBXContainerItemProxy */ = {
			isa = PBXContainerItemProxy;
			containerPortal = DFCB00AB21F91B530068EDF9 /* Project object */;
			proxyType = 1;
			remoteGlobalIDString = DFCB00B221F91B530068EDF9;
			remoteInfo = WereDomain2;
		};
		DFCB00D621F91B540068EDF9 /* PBXContainerItemProxy */ = {
			isa = PBXContainerItemProxy;
			containerPortal = DFCB00AB21F91B530068EDF9 /* Project object */;
			proxyType = 1;
			remoteGlobalIDString = DFCB00B221F91B530068EDF9;
			remoteInfo = WereDomain2;
		};
/* End PBXContainerItemProxy section */

/* Begin PBXFileReference section */
		592CCD068B87E54D472A6CD2 /* Pods_WereDomain2.framework */ = {isa = PBXFileReference; explicitFileType = wrapper.framework; includeInIndex = 0; path = Pods_WereDomain2.framework; sourceTree = BUILT_PRODUCTS_DIR; };
		DD1CA0A7D5FA01DA92740437 /* Pods-WereDomain2.release.xcconfig */ = {isa = PBXFileReference; includeInIndex = 1; lastKnownFileType = text.xcconfig; name = "Pods-WereDomain2.release.xcconfig"; path = "Pods/Target Support Files/Pods-WereDomain2/Pods-WereDomain2.release.xcconfig"; sourceTree = "<group>"; };
		DF31DA98220668B900CFEE87 /* FeedTableViewCell.swift */ = {isa = PBXFileReference; lastKnownFileType = sourcecode.swift; path = FeedTableViewCell.swift; sourceTree = "<group>"; };
		DF31DA9A22066C0F00CFEE87 /* FeedTableViewController.swift */ = {isa = PBXFileReference; lastKnownFileType = sourcecode.swift; path = FeedTableViewController.swift; sourceTree = "<group>"; };
		DF7D0E7E22618B1C00A44248 /* DetailTableViewCell.swift */ = {isa = PBXFileReference; lastKnownFileType = sourcecode.swift; path = DetailTableViewCell.swift; sourceTree = "<group>"; };
		DF85BDD721F92D1000EF50C0 /* DetailViewController.swift */ = {isa = PBXFileReference; lastKnownFileType = sourcecode.swift; path = DetailViewController.swift; sourceTree = "<group>"; };
		DFCB00B321F91B530068EDF9 /* WereDomain2.app */ = {isa = PBXFileReference; explicitFileType = wrapper.application; includeInIndex = 0; path = WereDomain2.app; sourceTree = BUILT_PRODUCTS_DIR; };
		DFCB00B621F91B530068EDF9 /* AppDelegate.swift */ = {isa = PBXFileReference; lastKnownFileType = sourcecode.swift; path = AppDelegate.swift; sourceTree = "<group>"; };
		DFCB00BB21F91B530068EDF9 /* Base */ = {isa = PBXFileReference; lastKnownFileType = file.storyboard; name = Base; path = Base.lproj/Main.storyboard; sourceTree = "<group>"; };
		DFCB00BE21F91B530068EDF9 /* WereDomain2.xcdatamodel */ = {isa = PBXFileReference; lastKnownFileType = wrapper.xcdatamodel; path = WereDomain2.xcdatamodel; sourceTree = "<group>"; };
		DFCB00C021F91B540068EDF9 /* Assets.xcassets */ = {isa = PBXFileReference; lastKnownFileType = folder.assetcatalog; path = Assets.xcassets; sourceTree = "<group>"; };
		DFCB00C321F91B540068EDF9 /* Base */ = {isa = PBXFileReference; lastKnownFileType = file.storyboard; name = Base; path = Base.lproj/LaunchScreen.storyboard; sourceTree = "<group>"; };
		DFCB00C521F91B540068EDF9 /* Info.plist */ = {isa = PBXFileReference; lastKnownFileType = text.plist.xml; path = Info.plist; sourceTree = "<group>"; };
		DFCB00CA21F91B540068EDF9 /* WereDomain2Tests.xctest */ = {isa = PBXFileReference; explicitFileType = wrapper.cfbundle; includeInIndex = 0; path = WereDomain2Tests.xctest; sourceTree = BUILT_PRODUCTS_DIR; };
		DFCB00CE21F91B540068EDF9 /* WereDomain2Tests.swift */ = {isa = PBXFileReference; lastKnownFileType = sourcecode.swift; path = WereDomain2Tests.swift; sourceTree = "<group>"; };
		DFCB00D021F91B540068EDF9 /* Info.plist */ = {isa = PBXFileReference; lastKnownFileType = text.plist.xml; path = Info.plist; sourceTree = "<group>"; };
		DFCB00D521F91B540068EDF9 /* WereDomain2UITests.xctest */ = {isa = PBXFileReference; explicitFileType = wrapper.cfbundle; includeInIndex = 0; path = WereDomain2UITests.xctest; sourceTree = BUILT_PRODUCTS_DIR; };
		DFCB00D921F91B540068EDF9 /* WereDomain2UITests.swift */ = {isa = PBXFileReference; lastKnownFileType = sourcecode.swift; path = WereDomain2UITests.swift; sourceTree = "<group>"; };
		DFCB00DB21F91B550068EDF9 /* Info.plist */ = {isa = PBXFileReference; lastKnownFileType = text.plist.xml; path = Info.plist; sourceTree = "<group>"; };
		DFD2B71522011908001AE870 /* ProfileViewController.swift */ = {isa = PBXFileReference; lastKnownFileType = sourcecode.swift; path = ProfileViewController.swift; sourceTree = "<group>"; };
		DFD2B71722024C58001AE870 /* DashboardViewController.swift */ = {isa = PBXFileReference; lastKnownFileType = sourcecode.swift; path = DashboardViewController.swift; sourceTree = "<group>"; };
		DFE84BB6222F39370091B553 /* DailySpecialViewController.swift */ = {isa = PBXFileReference; lastKnownFileType = sourcecode.swift; path = DailySpecialViewController.swift; sourceTree = "<group>"; };
		DFEA05E62200CAE60015657F /* LoginViewController.swift */ = {isa = PBXFileReference; lastKnownFileType = sourcecode.swift; path = LoginViewController.swift; sourceTree = "<group>"; };
		F9E1DA22BA8B4F3E742DB987 /* Pods-WereDomain2.debug.xcconfig */ = {isa = PBXFileReference; includeInIndex = 1; lastKnownFileType = text.xcconfig; name = "Pods-WereDomain2.debug.xcconfig"; path = "Pods/Target Support Files/Pods-WereDomain2/Pods-WereDomain2.debug.xcconfig"; sourceTree = "<group>"; };
/* End PBXFileReference section */

/* Begin PBXFrameworksBuildPhase section */
		DFCB00B021F91B530068EDF9 /* Frameworks */ = {
			isa = PBXFrameworksBuildPhase;
			buildActionMask = 2147483647;
			files = (
				5E7CE677091B61100492A725 /* Pods_WereDomain2.framework in Frameworks */,
			);
			runOnlyForDeploymentPostprocessing = 0;
		};
		DFCB00C721F91B540068EDF9 /* Frameworks */ = {
			isa = PBXFrameworksBuildPhase;
			buildActionMask = 2147483647;
			files = (
			);
			runOnlyForDeploymentPostprocessing = 0;
		};
		DFCB00D221F91B540068EDF9 /* Frameworks */ = {
			isa = PBXFrameworksBuildPhase;
			buildActionMask = 2147483647;
			files = (
			);
			runOnlyForDeploymentPostprocessing = 0;
		};
/* End PBXFrameworksBuildPhase section */

/* Begin PBXGroup section */
		611706885CF8B6E8536F8B58 /* Frameworks */ = {
			isa = PBXGroup;
			children = (
				592CCD068B87E54D472A6CD2 /* Pods_WereDomain2.framework */,
			);
			name = Frameworks;
			sourceTree = "<group>";
		};
		9737BC3EAF16D5C684EEF5E4 /* Pods */ = {
			isa = PBXGroup;
			children = (
				F9E1DA22BA8B4F3E742DB987 /* Pods-WereDomain2.debug.xcconfig */,
				DD1CA0A7D5FA01DA92740437 /* Pods-WereDomain2.release.xcconfig */,
			);
			name = Pods;
			sourceTree = "<group>";
		};
		DFCB00AA21F91B530068EDF9 = {
			isa = PBXGroup;
			children = (
				DFCB00B521F91B530068EDF9 /* WereDomain2 */,
				DFCB00CD21F91B540068EDF9 /* WereDomain2Tests */,
				DFCB00D821F91B540068EDF9 /* WereDomain2UITests */,
				DFCB00B421F91B530068EDF9 /* Products */,
				9737BC3EAF16D5C684EEF5E4 /* Pods */,
				611706885CF8B6E8536F8B58 /* Frameworks */,
			);
			sourceTree = "<group>";
		};
		DFCB00B421F91B530068EDF9 /* Products */ = {
			isa = PBXGroup;
			children = (
				DFCB00B321F91B530068EDF9 /* WereDomain2.app */,
				DFCB00CA21F91B540068EDF9 /* WereDomain2Tests.xctest */,
				DFCB00D521F91B540068EDF9 /* WereDomain2UITests.xctest */,
			);
			name = Products;
			sourceTree = "<group>";
		};
		DFCB00B521F91B530068EDF9 /* WereDomain2 */ = {
			isa = PBXGroup;
			children = (
				DFCB00B621F91B530068EDF9 /* AppDelegate.swift */,
				DFCB00C021F91B540068EDF9 /* Assets.xcassets */,
				DFCB00C221F91B540068EDF9 /* LaunchScreen.storyboard */,
				DFCB00C521F91B540068EDF9 /* Info.plist */,
				DFCB00BD21F91B530068EDF9 /* WereDomain2.xcdatamodeld */,
				DFE84BB5222F39100091B553 /* Controller */,
				DFE84BB3222F38760091B553 /* Model */,
				DFE84BB4222F38BA0091B553 /* View */,
			);
			path = WereDomain2;
			sourceTree = "<group>";
		};
		DFCB00CD21F91B540068EDF9 /* WereDomain2Tests */ = {
			isa = PBXGroup;
			children = (
				DFCB00CE21F91B540068EDF9 /* WereDomain2Tests.swift */,
				DFCB00D021F91B540068EDF9 /* Info.plist */,
			);
			path = WereDomain2Tests;
			sourceTree = "<group>";
		};
		DFCB00D821F91B540068EDF9 /* WereDomain2UITests */ = {
			isa = PBXGroup;
			children = (
				DFCB00D921F91B540068EDF9 /* WereDomain2UITests.swift */,
				DFCB00DB21F91B550068EDF9 /* Info.plist */,
			);
			path = WereDomain2UITests;
			sourceTree = "<group>";
		};
		DFE84BB3222F38760091B553 /* Model */ = {
			isa = PBXGroup;
			children = (
			);
			path = Model;
			sourceTree = "<group>";
		};
		DFE84BB4222F38BA0091B553 /* View */ = {
			isa = PBXGroup;
			children = (
				DFCB00BA21F91B530068EDF9 /* Main.storyboard */,
			);
			path = View;
			sourceTree = "<group>";
		};
		DFE84BB5222F39100091B553 /* Controller */ = {
			isa = PBXGroup;
			children = (
				DFEA05E62200CAE60015657F /* LoginViewController.swift */,
				DF31DA9A22066C0F00CFEE87 /* FeedTableViewController.swift */,
				DF31DA98220668B900CFEE87 /* FeedTableViewCell.swift */,
				DF7D0E7E22618B1C00A44248 /* DetailTableViewCell.swift */,
				DF85BDD721F92D1000EF50C0 /* DetailViewController.swift */,
				DFD2B71722024C58001AE870 /* DashboardViewController.swift */,
				DFD2B71522011908001AE870 /* ProfileViewController.swift */,
				DFE84BB6222F39370091B553 /* DailySpecialViewController.swift */,
			);
			path = Controller;
			sourceTree = "<group>";
		};
/* End PBXGroup section */

/* Begin PBXNativeTarget section */
		DFCB00B221F91B530068EDF9 /* WereDomain2 */ = {
			isa = PBXNativeTarget;
			buildConfigurationList = DFCB00DE21F91B550068EDF9 /* Build configuration list for PBXNativeTarget "WereDomain2" */;
			buildPhases = (
				3C8C5888796F67737B0114B0 /* [CP] Check Pods Manifest.lock */,
				DFCB00AF21F91B530068EDF9 /* Sources */,
				DFCB00B021F91B530068EDF9 /* Frameworks */,
				DFCB00B121F91B530068EDF9 /* Resources */,
				63C294E1111C0B851CFCE9E6 /* [CP] Embed Pods Frameworks */,
			);
			buildRules = (
			);
			dependencies = (
			);
			name = WereDomain2;
			productName = WereDomain2;
			productReference = DFCB00B321F91B530068EDF9 /* WereDomain2.app */;
			productType = "com.apple.product-type.application";
		};
		DFCB00C921F91B540068EDF9 /* WereDomain2Tests */ = {
			isa = PBXNativeTarget;
			buildConfigurationList = DFCB00E121F91B550068EDF9 /* Build configuration list for PBXNativeTarget "WereDomain2Tests" */;
			buildPhases = (
				DFCB00C621F91B540068EDF9 /* Sources */,
				DFCB00C721F91B540068EDF9 /* Frameworks */,
				DFCB00C821F91B540068EDF9 /* Resources */,
			);
			buildRules = (
			);
			dependencies = (
				DFCB00CC21F91B540068EDF9 /* PBXTargetDependency */,
			);
			name = WereDomain2Tests;
			productName = WereDomain2Tests;
			productReference = DFCB00CA21F91B540068EDF9 /* WereDomain2Tests.xctest */;
			productType = "com.apple.product-type.bundle.unit-test";
		};
		DFCB00D421F91B540068EDF9 /* WereDomain2UITests */ = {
			isa = PBXNativeTarget;
			buildConfigurationList = DFCB00E421F91B550068EDF9 /* Build configuration list for PBXNativeTarget "WereDomain2UITests" */;
			buildPhases = (
				DFCB00D121F91B540068EDF9 /* Sources */,
				DFCB00D221F91B540068EDF9 /* Frameworks */,
				DFCB00D321F91B540068EDF9 /* Resources */,
			);
			buildRules = (
			);
			dependencies = (
				DFCB00D721F91B540068EDF9 /* PBXTargetDependency */,
			);
			name = WereDomain2UITests;
			productName = WereDomain2UITests;
			productReference = DFCB00D521F91B540068EDF9 /* WereDomain2UITests.xctest */;
			productType = "com.apple.product-type.bundle.ui-testing";
		};
/* End PBXNativeTarget section */

/* Begin PBXProject section */
		DFCB00AB21F91B530068EDF9 /* Project object */ = {
			isa = PBXProject;
			attributes = {
				LastSwiftUpdateCheck = 1010;
				LastUpgradeCheck = 1010;
				ORGANIZATIONNAME = "Tyler Engle";
				TargetAttributes = {
					DFCB00B221F91B530068EDF9 = {
						CreatedOnToolsVersion = 10.1;
					};
					DFCB00C921F91B540068EDF9 = {
						CreatedOnToolsVersion = 10.1;
						TestTargetID = DFCB00B221F91B530068EDF9;
					};
					DFCB00D421F91B540068EDF9 = {
						CreatedOnToolsVersion = 10.1;
						TestTargetID = DFCB00B221F91B530068EDF9;
					};
				};
			};
			buildConfigurationList = DFCB00AE21F91B530068EDF9 /* Build configuration list for PBXProject "WereDomain2" */;
			compatibilityVersion = "Xcode 9.3";
			developmentRegion = en;
			hasScannedForEncodings = 0;
			knownRegions = (
				en,
				Base,
			);
			mainGroup = DFCB00AA21F91B530068EDF9;
			productRefGroup = DFCB00B421F91B530068EDF9 /* Products */;
			projectDirPath = "";
			projectRoot = "";
			targets = (
				DFCB00B221F91B530068EDF9 /* WereDomain2 */,
				DFCB00C921F91B540068EDF9 /* WereDomain2Tests */,
				DFCB00D421F91B540068EDF9 /* WereDomain2UITests */,
			);
		};
/* End PBXProject section */

/* Begin PBXResourcesBuildPhase section */
		DFCB00B121F91B530068EDF9 /* Resources */ = {
			isa = PBXResourcesBuildPhase;
			buildActionMask = 2147483647;
			files = (
				DFCB00C421F91B540068EDF9 /* LaunchScreen.storyboard in Resources */,
				DFCB00C121F91B540068EDF9 /* Assets.xcassets in Resources */,
				DFCB00BC21F91B530068EDF9 /* Main.storyboard in Resources */,
			);
			runOnlyForDeploymentPostprocessing = 0;
		};
		DFCB00C821F91B540068EDF9 /* Resources */ = {
			isa = PBXResourcesBuildPhase;
			buildActionMask = 2147483647;
			files = (
			);
			runOnlyForDeploymentPostprocessing = 0;
		};
		DFCB00D321F91B540068EDF9 /* Resources */ = {
			isa = PBXResourcesBuildPhase;
			buildActionMask = 2147483647;
			files = (
			);
			runOnlyForDeploymentPostprocessing = 0;
		};
/* End PBXResourcesBuildPhase section */

/* Begin PBXShellScriptBuildPhase section */
		3C8C5888796F67737B0114B0 /* [CP] Check Pods Manifest.lock */ = {
			isa = PBXShellScriptBuildPhase;
			buildActionMask = 2147483647;
			files = (
			);
			inputFileListPaths = (
			);
			inputPaths = (
				"${PODS_PODFILE_DIR_PATH}/Podfile.lock",
				"${PODS_ROOT}/Manifest.lock",
			);
			name = "[CP] Check Pods Manifest.lock";
			outputFileListPaths = (
			);
			outputPaths = (
				"$(DERIVED_FILE_DIR)/Pods-WereDomain2-checkManifestLockResult.txt",
			);
			runOnlyForDeploymentPostprocessing = 0;
			shellPath = /bin/sh;
			shellScript = "diff \"${PODS_PODFILE_DIR_PATH}/Podfile.lock\" \"${PODS_ROOT}/Manifest.lock\" > /dev/null\nif [ $? != 0 ] ; then\n    # print error to STDERR\n    echo \"error: The sandbox is not in sync with the Podfile.lock. Run 'pod install' or update your CocoaPods installation.\" >&2\n    exit 1\nfi\n# This output is used by Xcode 'outputs' to avoid re-running this script phase.\necho \"SUCCESS\" > \"${SCRIPT_OUTPUT_FILE_0}\"\n";
			showEnvVarsInLog = 0;
		};
		63C294E1111C0B851CFCE9E6 /* [CP] Embed Pods Frameworks */ = {
			isa = PBXShellScriptBuildPhase;
			buildActionMask = 2147483647;
			files = (
			);
			inputFileListPaths = (
			);
			inputPaths = (
				"${PODS_ROOT}/Target Support Files/Pods-WereDomain2/Pods-WereDomain2-frameworks.sh",
				"${BUILT_PRODUCTS_DIR}/Bolts/Bolts.framework",
				"${BUILT_PRODUCTS_DIR}/Parse/Parse.framework",
			);
			name = "[CP] Embed Pods Frameworks";
			outputFileListPaths = (
			);
			outputPaths = (
				"${TARGET_BUILD_DIR}/${FRAMEWORKS_FOLDER_PATH}/Bolts.framework",
				"${TARGET_BUILD_DIR}/${FRAMEWORKS_FOLDER_PATH}/Parse.framework",
			);
			runOnlyForDeploymentPostprocessing = 0;
			shellPath = /bin/sh;
			shellScript = "\"${PODS_ROOT}/Target Support Files/Pods-WereDomain2/Pods-WereDomain2-frameworks.sh\"\n";
			showEnvVarsInLog = 0;
		};
/* End PBXShellScriptBuildPhase section */

/* Begin PBXSourcesBuildPhase section */
		DFCB00AF21F91B530068EDF9 /* Sources */ = {
			isa = PBXSourcesBuildPhase;
			buildActionMask = 2147483647;
			files = (
				DFEA05E72200CAE60015657F /* LoginViewController.swift in Sources */,
				DFD2B71822024C58001AE870 /* DashboardViewController.swift in Sources */,
				DF31DA9B22066C0F00CFEE87 /* FeedTableViewController.swift in Sources */,
				DFCB00B721F91B530068EDF9 /* AppDelegate.swift in Sources */,
				DFE84BBB222F3A5E0091B553 /* DailySpecialViewController.swift in Sources */,
				DF85BDD821F92D1000EF50C0 /* DetailViewController.swift in Sources */,
				DFCB00BF21F91B530068EDF9 /* WereDomain2.xcdatamodeld in Sources */,
				DFD2B71622011908001AE870 /* ProfileViewController.swift in Sources */,
				DF7D0E7F22618B1C00A44248 /* DetailTableViewCell.swift in Sources */,
				DF31DA99220668B900CFEE87 /* FeedTableViewCell.swift in Sources */,
			);
			runOnlyForDeploymentPostprocessing = 0;
		};
		DFCB00C621F91B540068EDF9 /* Sources */ = {
			isa = PBXSourcesBuildPhase;
			buildActionMask = 2147483647;
			files = (
				DFCB00CF21F91B540068EDF9 /* WereDomain2Tests.swift in Sources */,
			);
			runOnlyForDeploymentPostprocessing = 0;
		};
		DFCB00D121F91B540068EDF9 /* Sources */ = {
			isa = PBXSourcesBuildPhase;
			buildActionMask = 2147483647;
			files = (
				DFCB00DA21F91B540068EDF9 /* WereDomain2UITests.swift in Sources */,
			);
			runOnlyForDeploymentPostprocessing = 0;
		};
/* End PBXSourcesBuildPhase section */

/* Begin PBXTargetDependency section */
		DFCB00CC21F91B540068EDF9 /* PBXTargetDependency */ = {
			isa = PBXTargetDependency;
			target = DFCB00B221F91B530068EDF9 /* WereDomain2 */;
			targetProxy = DFCB00CB21F91B540068EDF9 /* PBXContainerItemProxy */;
		};
		DFCB00D721F91B540068EDF9 /* PBXTargetDependency */ = {
			isa = PBXTargetDependency;
			target = DFCB00B221F91B530068EDF9 /* WereDomain2 */;
			targetProxy = DFCB00D621F91B540068EDF9 /* PBXContainerItemProxy */;
		};
/* End PBXTargetDependency section */

/* Begin PBXVariantGroup section */
		DFCB00BA21F91B530068EDF9 /* Main.storyboard */ = {
			isa = PBXVariantGroup;
			children = (
				DFCB00BB21F91B530068EDF9 /* Base */,
			);
			name = Main.storyboard;
			sourceTree = "<group>";
		};
		DFCB00C221F91B540068EDF9 /* LaunchScreen.storyboard */ = {
			isa = PBXVariantGroup;
			children = (
				DFCB00C321F91B540068EDF9 /* Base */,
			);
			name = LaunchScreen.storyboard;
			sourceTree = "<group>";
		};
/* End PBXVariantGroup section */

/* Begin XCBuildConfiguration section */
		DFCB00DC21F91B550068EDF9 /* Debug */ = {
			isa = XCBuildConfiguration;
			buildSettings = {
				ALWAYS_SEARCH_USER_PATHS = NO;
				CLANG_ANALYZER_NONNULL = YES;
				CLANG_ANALYZER_NUMBER_OBJECT_CONVERSION = YES_AGGRESSIVE;
				CLANG_CXX_LANGUAGE_STANDARD = "gnu++14";
				CLANG_CXX_LIBRARY = "libc++";
				CLANG_ENABLE_MODULES = YES;
				CLANG_ENABLE_OBJC_ARC = YES;
				CLANG_ENABLE_OBJC_WEAK = YES;
				CLANG_WARN_BLOCK_CAPTURE_AUTORELEASING = YES;
				CLANG_WARN_BOOL_CONVERSION = YES;
				CLANG_WARN_COMMA = YES;
				CLANG_WARN_CONSTANT_CONVERSION = YES;
				CLANG_WARN_DEPRECATED_OBJC_IMPLEMENTATIONS = YES;
				CLANG_WARN_DIRECT_OBJC_ISA_USAGE = YES_ERROR;
				CLANG_WARN_DOCUMENTATION_COMMENTS = YES;
				CLANG_WARN_EMPTY_BODY = YES;
				CLANG_WARN_ENUM_CONVERSION = YES;
				CLANG_WARN_INFINITE_RECURSION = YES;
				CLANG_WARN_INT_CONVERSION = YES;
				CLANG_WARN_NON_LITERAL_NULL_CONVERSION = YES;
				CLANG_WARN_OBJC_IMPLICIT_RETAIN_SELF = YES;
				CLANG_WARN_OBJC_LITERAL_CONVERSION = YES;
				CLANG_WARN_OBJC_ROOT_CLASS = YES_ERROR;
				CLANG_WARN_RANGE_LOOP_ANALYSIS = YES;
				CLANG_WARN_STRICT_PROTOTYPES = YES;
				CLANG_WARN_SUSPICIOUS_MOVE = YES;
				CLANG_WARN_UNGUARDED_AVAILABILITY = YES_AGGRESSIVE;
				CLANG_WARN_UNREACHABLE_CODE = YES;
				CLANG_WARN__DUPLICATE_METHOD_MATCH = YES;
				CODE_SIGN_IDENTITY = "iPhone Developer";
				COPY_PHASE_STRIP = NO;
				DEBUG_INFORMATION_FORMAT = dwarf;
				ENABLE_STRICT_OBJC_MSGSEND = YES;
				ENABLE_TESTABILITY = YES;
				GCC_C_LANGUAGE_STANDARD = gnu11;
				GCC_DYNAMIC_NO_PIC = NO;
				GCC_NO_COMMON_BLOCKS = YES;
				GCC_OPTIMIZATION_LEVEL = 0;
				GCC_PREPROCESSOR_DEFINITIONS = (
					"DEBUG=1",
					"$(inherited)",
				);
				GCC_WARN_64_TO_32_BIT_CONVERSION = YES;
				GCC_WARN_ABOUT_RETURN_TYPE = YES_ERROR;
				GCC_WARN_UNDECLARED_SELECTOR = YES;
				GCC_WARN_UNINITIALIZED_AUTOS = YES_AGGRESSIVE;
				GCC_WARN_UNUSED_FUNCTION = YES;
				GCC_WARN_UNUSED_VARIABLE = YES;
				IPHONEOS_DEPLOYMENT_TARGET = 12.1;
				MTL_ENABLE_DEBUG_INFO = INCLUDE_SOURCE;
				MTL_FAST_MATH = YES;
				ONLY_ACTIVE_ARCH = YES;
				SDKROOT = iphoneos;
				SWIFT_ACTIVE_COMPILATION_CONDITIONS = DEBUG;
				SWIFT_OPTIMIZATION_LEVEL = "-Onone";
			};
			name = Debug;
		};
		DFCB00DD21F91B550068EDF9 /* Release */ = {
			isa = XCBuildConfiguration;
			buildSettings = {
				ALWAYS_SEARCH_USER_PATHS = NO;
				CLANG_ANALYZER_NONNULL = YES;
				CLANG_ANALYZER_NUMBER_OBJECT_CONVERSION = YES_AGGRESSIVE;
				CLANG_CXX_LANGUAGE_STANDARD = "gnu++14";
				CLANG_CXX_LIBRARY = "libc++";
				CLANG_ENABLE_MODULES = YES;
				CLANG_ENABLE_OBJC_ARC = YES;
				CLANG_ENABLE_OBJC_WEAK = YES;
				CLANG_WARN_BLOCK_CAPTURE_AUTORELEASING = YES;
				CLANG_WARN_BOOL_CONVERSION = YES;
				CLANG_WARN_COMMA = YES;
				CLANG_WARN_CONSTANT_CONVERSION = YES;
				CLANG_WARN_DEPRECATED_OBJC_IMPLEMENTATIONS = YES;
				CLANG_WARN_DIRECT_OBJC_ISA_USAGE = YES_ERROR;
				CLANG_WARN_DOCUMENTATION_COMMENTS = YES;
				CLANG_WARN_EMPTY_BODY = YES;
				CLANG_WARN_ENUM_CONVERSION = YES;
				CLANG_WARN_INFINITE_RECURSION = YES;
				CLANG_WARN_INT_CONVERSION = YES;
				CLANG_WARN_NON_LITERAL_NULL_CONVERSION = YES;
				CLANG_WARN_OBJC_IMPLICIT_RETAIN_SELF = YES;
				CLANG_WARN_OBJC_LITERAL_CONVERSION = YES;
				CLANG_WARN_OBJC_ROOT_CLASS = YES_ERROR;
				CLANG_WARN_RANGE_LOOP_ANALYSIS = YES;
				CLANG_WARN_STRICT_PROTOTYPES = YES;
				CLANG_WARN_SUSPICIOUS_MOVE = YES;
				CLANG_WARN_UNGUARDED_AVAILABILITY = YES_AGGRESSIVE;
				CLANG_WARN_UNREACHABLE_CODE = YES;
				CLANG_WARN__DUPLICATE_METHOD_MATCH = YES;
				CODE_SIGN_IDENTITY = "iPhone Developer";
				COPY_PHASE_STRIP = NO;
				DEBUG_INFORMATION_FORMAT = "dwarf-with-dsym";
				ENABLE_NS_ASSERTIONS = NO;
				ENABLE_STRICT_OBJC_MSGSEND = YES;
				GCC_C_LANGUAGE_STANDARD = gnu11;
				GCC_NO_COMMON_BLOCKS = YES;
				GCC_WARN_64_TO_32_BIT_CONVERSION = YES;
				GCC_WARN_ABOUT_RETURN_TYPE = YES_ERROR;
				GCC_WARN_UNDECLARED_SELECTOR = YES;
				GCC_WARN_UNINITIALIZED_AUTOS = YES_AGGRESSIVE;
				GCC_WARN_UNUSED_FUNCTION = YES;
				GCC_WARN_UNUSED_VARIABLE = YES;
				IPHONEOS_DEPLOYMENT_TARGET = 12.1;
				MTL_ENABLE_DEBUG_INFO = NO;
				MTL_FAST_MATH = YES;
				SDKROOT = iphoneos;
				SWIFT_COMPILATION_MODE = wholemodule;
				SWIFT_OPTIMIZATION_LEVEL = "-O";
				VALIDATE_PRODUCT = YES;
			};
			name = Release;
		};
		DFCB00DF21F91B550068EDF9 /* Debug */ = {
			isa = XCBuildConfiguration;
			baseConfigurationReference = F9E1DA22BA8B4F3E742DB987 /* Pods-WereDomain2.debug.xcconfig */;
			buildSettings = {
				ASSETCATALOG_COMPILER_APPICON_NAME = AppIcon;
				CODE_SIGN_IDENTITY = "iPhone Developer";
				CODE_SIGN_STYLE = Automatic;
				DEVELOPMENT_TEAM = TZ426SH9PK;
				INFOPLIST_FILE = WereDomain2/Info.plist;
				LD_RUNPATH_SEARCH_PATHS = (
					"$(inherited)",
					"@executable_path/Frameworks",
				);
				PRODUCT_BUNDLE_IDENTIFIER = com.WereDomain2;
				PRODUCT_NAME = "$(TARGET_NAME)";
				PROVISIONING_PROFILE_SPECIFIER = "";
				SWIFT_VERSION = 4.2;
				TARGETED_DEVICE_FAMILY = "1,2";
			};
			name = Debug;
		};
		DFCB00E021F91B550068EDF9 /* Release */ = {
			isa = XCBuildConfiguration;
			baseConfigurationReference = DD1CA0A7D5FA01DA92740437 /* Pods-WereDomain2.release.xcconfig */;
			buildSettings = {
				ASSETCATALOG_COMPILER_APPICON_NAME = AppIcon;
				CODE_SIGN_IDENTITY = "iPhone Developer";
				CODE_SIGN_STYLE = Automatic;
				DEVELOPMENT_TEAM = TZ426SH9PK;
				INFOPLIST_FILE = WereDomain2/Info.plist;
				LD_RUNPATH_SEARCH_PATHS = (
					"$(inherited)",
					"@executable_path/Frameworks",
				);
				PRODUCT_BUNDLE_IDENTIFIER = com.WereDomain2;
				PRODUCT_NAME = "$(TARGET_NAME)";
				PROVISIONING_PROFILE_SPECIFIER = "";
				SWIFT_VERSION = 4.2;
				TARGETED_DEVICE_FAMILY = "1,2";
			};
			name = Release;
		};
		DFCB00E221F91B550068EDF9 /* Debug */ = {
			isa = XCBuildConfiguration;
			buildSettings = {
				ALWAYS_EMBED_SWIFT_STANDARD_LIBRARIES = YES;
				BUNDLE_LOADER = "$(TEST_HOST)";
				CODE_SIGN_STYLE = Automatic;
				INFOPLIST_FILE = WereDomain2Tests/Info.plist;
				LD_RUNPATH_SEARCH_PATHS = (
					"$(inherited)",
					"@executable_path/Frameworks",
					"@loader_path/Frameworks",
				);
				PRODUCT_BUNDLE_IDENTIFIER = com.WereDomain2Tests;
				PRODUCT_NAME = "$(TARGET_NAME)";
				SWIFT_VERSION = 4.2;
				TARGETED_DEVICE_FAMILY = "1,2";
				TEST_HOST = "$(BUILT_PRODUCTS_DIR)/WereDomain2.app/WereDomain2";
			};
			name = Debug;
		};
		DFCB00E321F91B550068EDF9 /* Release */ = {
			isa = XCBuildConfiguration;
			buildSettings = {
				ALWAYS_EMBED_SWIFT_STANDARD_LIBRARIES = YES;
				BUNDLE_LOADER = "$(TEST_HOST)";
				CODE_SIGN_STYLE = Automatic;
				INFOPLIST_FILE = WereDomain2Tests/Info.plist;
				LD_RUNPATH_SEARCH_PATHS = (
					"$(inherited)",
					"@executable_path/Frameworks",
					"@loader_path/Frameworks",
				);
				PRODUCT_BUNDLE_IDENTIFIER = com.WereDomain2Tests;
				PRODUCT_NAME = "$(TARGET_NAME)";
				SWIFT_VERSION = 4.2;
				TARGETED_DEVICE_FAMILY = "1,2";
				TEST_HOST = "$(BUILT_PRODUCTS_DIR)/WereDomain2.app/WereDomain2";
			};
			name = Release;
		};
		DFCB00E521F91B550068EDF9 /* Debug */ = {
			isa = XCBuildConfiguration;
			buildSettings = {
				ALWAYS_EMBED_SWIFT_STANDARD_LIBRARIES = YES;
				CODE_SIGN_STYLE = Automatic;
				INFOPLIST_FILE = WereDomain2UITests/Info.plist;
				LD_RUNPATH_SEARCH_PATHS = (
					"$(inherited)",
					"@executable_path/Frameworks",
					"@loader_path/Frameworks",
				);
				PRODUCT_BUNDLE_IDENTIFIER = com.WereDomain2UITests;
				PRODUCT_NAME = "$(TARGET_NAME)";
				SWIFT_VERSION = 4.2;
				TARGETED_DEVICE_FAMILY = "1,2";
				TEST_TARGET_NAME = WereDomain2;
			};
			name = Debug;
		};
		DFCB00E621F91B550068EDF9 /* Release */ = {
			isa = XCBuildConfiguration;
			buildSettings = {
				ALWAYS_EMBED_SWIFT_STANDARD_LIBRARIES = YES;
				CODE_SIGN_STYLE = Automatic;
				INFOPLIST_FILE = WereDomain2UITests/Info.plist;
				LD_RUNPATH_SEARCH_PATHS = (
					"$(inherited)",
					"@executable_path/Frameworks",
					"@loader_path/Frameworks",
				);
				PRODUCT_BUNDLE_IDENTIFIER = com.WereDomain2UITests;
				PRODUCT_NAME = "$(TARGET_NAME)";
				SWIFT_VERSION = 4.2;
				TARGETED_DEVICE_FAMILY = "1,2";
				TEST_TARGET_NAME = WereDomain2;
			};
			name = Release;
		};
/* End XCBuildConfiguration section */

/* Begin XCConfigurationList section */
		DFCB00AE21F91B530068EDF9 /* Build configuration list for PBXProject "WereDomain2" */ = {
			isa = XCConfigurationList;
			buildConfigurations = (
				DFCB00DC21F91B550068EDF9 /* Debug */,
				DFCB00DD21F91B550068EDF9 /* Release */,
			);
			defaultConfigurationIsVisible = 0;
			defaultConfigurationName = Release;
		};
		DFCB00DE21F91B550068EDF9 /* Build configuration list for PBXNativeTarget "WereDomain2" */ = {
			isa = XCConfigurationList;
			buildConfigurations = (
				DFCB00DF21F91B550068EDF9 /* Debug */,
				DFCB00E021F91B550068EDF9 /* Release */,
			);
			defaultConfigurationIsVisible = 0;
			defaultConfigurationName = Release;
		};
		DFCB00E121F91B550068EDF9 /* Build configuration list for PBXNativeTarget "WereDomain2Tests" */ = {
			isa = XCConfigurationList;
			buildConfigurations = (
				DFCB00E221F91B550068EDF9 /* Debug */,
				DFCB00E321F91B550068EDF9 /* Release */,
			);
			defaultConfigurationIsVisible = 0;
			defaultConfigurationName = Release;
		};
		DFCB00E421F91B550068EDF9 /* Build configuration list for PBXNativeTarget "WereDomain2UITests" */ = {
			isa = XCConfigurationList;
			buildConfigurations = (
				DFCB00E521F91B550068EDF9 /* Debug */,
				DFCB00E621F91B550068EDF9 /* Release */,
			);
			defaultConfigurationIsVisible = 0;
			defaultConfigurationName = Release;
		};
/* End XCConfigurationList section */

/* Begin XCVersionGroup section */
		DFCB00BD21F91B530068EDF9 /* WereDomain2.xcdatamodeld */ = {
			isa = XCVersionGroup;
			children = (
				DFCB00BE21F91B530068EDF9 /* WereDomain2.xcdatamodel */,
			);
			currentVersion = DFCB00BE21F91B530068EDF9 /* WereDomain2.xcdatamodel */;
			path = WereDomain2.xcdatamodeld;
			sourceTree = "<group>";
			versionGroupType = wrapper.xcdatamodel;
		};
/* End XCVersionGroup section */
	};
	rootObject = DFCB00AB21F91B530068EDF9 /* Project object */;
}
